
Microsoft Visual Studio Solution File, Format Version 12.00
# Visual Studio Version 17
VisualStudioVersion = 17.4.33110.190
MinimumVisualStudioVersion = 10.0.40219.1
Project("{9A19103F-16F7-4668-BE54-9A1E7A4F7556}") = "service-manager-api", "service-manager-api\service-manager-api.csproj", "{9287591D-B582-4A63-8A36-56EAD234FE07}"
EndProject
Project("{9A19103F-16F7-4668-BE54-9A1E7A4F7556}") = "Models", "Models\Models.csproj", "{A27BEEA1-DDC9-4673-A44B-AE01F01C198A}"
EndProject
Project("{9A19103F-16F7-4668-BE54-9A1E7A4F7556}") = "Dtos", "Dtos\Dtos.csproj", "{280EC3D4-CDFA-4EB7-A62F-A61E3F026916}"
EndProject
Project("{9A19103F-16F7-4668-BE54-9A1E7A4F7556}") = "Services", "Services\Services.csproj", "{A6928377-97BF-4891-869E-4D0E7DEE4EAD}"
EndProject
Project("{9A19103F-16F7-4668-BE54-9A1E7A4F7556}") = "Data", "Data\Data.csproj", "{AB29DBCA-F41D-432C-9755-9429D73724E5}"
EndProject
Global
	GlobalSection(SolutionConfigurationPlatforms) = preSolution
		Debug|Any CPU = Debug|Any CPU
		Release|Any CPU = Release|Any CPU
	EndGlobalSection
	GlobalSection(ProjectConfigurationPlatforms) = postSolution
		{9287591D-B582-4A63-8A36-56EAD234FE07}.Debug|Any CPU.ActiveCfg = Debug|Any CPU
		{9287591D-B582-4A63-8A36-56EAD234FE07}.Debug|Any CPU.Build.0 = Debug|Any CPU
		{9287591D-B582-4A63-8A36-56EAD234FE07}.Release|Any CPU.ActiveCfg = Release|Any CPU
		{9287591D-B582-4A63-8A36-56EAD234FE07}.Release|Any CPU.Build.0 = Release|Any CPU
		{A27BEEA1-DDC9-4673-A44B-AE01F01C198A}.Debug|Any CPU.ActiveCfg = Debug|Any CPU
		{A27BEEA1-DDC9-4673-A44B-AE01F01C198A}.Debug|Any CPU.Build.0 = Debug|Any CPU
		{A27BEEA1-DDC9-4673-A44B-AE01F01C198A}.Release|Any CPU.ActiveCfg = Release|Any CPU
		{A27BEEA1-DDC9-4673-A44B-AE01F01C198A}.Release|Any CPU.Build.0 = Release|Any CPU
		{280EC3D4-CDFA-4EB7-A62F-A61E3F026916}.Debug|Any CPU.ActiveCfg = Debug|Any CPU
		{280EC3D4-CDFA-4EB7-A62F-A61E3F026916}.Debug|Any CPU.Build.0 = Debug|Any CPU
		{280EC3D4-CDFA-4EB7-A62F-A61E3F026916}.Release|Any CPU.ActiveCfg = Release|Any CPU
		{280EC3D4-CDFA-4EB7-A62F-A61E3F026916}.Release|Any CPU.Build.0 = Release|Any CPU
		{A6928377-97BF-4891-869E-4D0E7DEE4EAD}.Debug|Any CPU.ActiveCfg = Debug|Any CPU
		{A6928377-97BF-4891-869E-4D0E7DEE4EAD}.Debug|Any CPU.Build.0 = Debug|Any CPU
		{A6928377-97BF-4891-869E-4D0E7DEE4EAD}.Release|Any CPU.ActiveCfg = Release|Any CPU
		{A6928377-97BF-4891-869E-4D0E7DEE4EAD}.Release|Any CPU.Build.0 = Release|Any CPU
		{AB29DBCA-F41D-432C-9755-9429D73724E5}.Debug|Any CPU.ActiveCfg = Debug|Any CPU
		{AB29DBCA-F41D-432C-9755-9429D73724E5}.Debug|Any CPU.Build.0 = Debug|Any CPU
		{AB29DBCA-F41D-432C-9755-9429D73724E5}.Release|Any CPU.ActiveCfg = Release|Any CPU
		{AB29DBCA-F41D-432C-9755-9429D73724E5}.Release|Any CPU.Build.0 = Release|Any CPU
	EndGlobalSection
	GlobalSection(SolutionProperties) = preSolution
		HideSolutionNode = FALSE
	EndGlobalSection
	GlobalSection(ExtensibilityGlobals) = postSolution
		SolutionGuid = {79B660FD-3D9B-431D-B39B-2BD7D771DB81}
	EndGlobalSection
EndGlobal
