
Microsoft Visual Studio Solution File, Format Version 12.00
# Visual Studio Version 16
VisualStudioVersion = 16.0.31911.196
MinimumVisualStudioVersion = 10.0.40219.1
Project("{9A19103F-16F7-4668-BE54-9A1E7A4F7556}") = "ServiceManager.Api", "ServiceManager.Api\ServiceManager.Api.csproj", "{569D9B93-F18A-4721-B802-C4FF91C80F09}"
EndProject
Project("{9A19103F-16F7-4668-BE54-9A1E7A4F7556}") = "ServiceManager.Application", "ServiceManager.Application\ServiceManager.Application.csproj", "{66BCD687-A9B4-4587-84B5-B09095841FBB}"
EndProject
Project("{9A19103F-16F7-4668-BE54-9A1E7A4F7556}") = "ServiceManager.Dal", "ServiceManager.Dal\ServiceManager.Dal.csproj", "{A13AD74C-6CBE-47CD-9993-CD4D4C1806E0}"
EndProject
Project("{FAE04EC0-301F-11D3-BF4B-00C04F79EFBC}") = "ServiceManager.Domain", "ServiceManager.Domain\ServiceManager.Domain.csproj", "{B08A5C4A-BAFE-4DC3-94E3-DF5ABD23C69A}"
EndProject
Global
	GlobalSection(SolutionConfigurationPlatforms) = preSolution
		Debug|Any CPU = Debug|Any CPU
		Release|Any CPU = Release|Any CPU
	EndGlobalSection
	GlobalSection(ProjectConfigurationPlatforms) = postSolution
		{569D9B93-F18A-4721-B802-C4FF91C80F09}.Debug|Any CPU.ActiveCfg = Debug|Any CPU
		{569D9B93-F18A-4721-B802-C4FF91C80F09}.Debug|Any CPU.Build.0 = Debug|Any CPU
		{569D9B93-F18A-4721-B802-C4FF91C80F09}.Release|Any CPU.ActiveCfg = Release|Any CPU
		{569D9B93-F18A-4721-B802-C4FF91C80F09}.Release|Any CPU.Build.0 = Release|Any CPU
		{66BCD687-A9B4-4587-84B5-B09095841FBB}.Debug|Any CPU.ActiveCfg = Debug|Any CPU
		{66BCD687-A9B4-4587-84B5-B09095841FBB}.Debug|Any CPU.Build.0 = Debug|Any CPU
		{66BCD687-A9B4-4587-84B5-B09095841FBB}.Release|Any CPU.ActiveCfg = Release|Any CPU
		{66BCD687-A9B4-4587-84B5-B09095841FBB}.Release|Any CPU.Build.0 = Release|Any CPU
		{A13AD74C-6CBE-47CD-9993-CD4D4C1806E0}.Debug|Any CPU.ActiveCfg = Debug|Any CPU
		{A13AD74C-6CBE-47CD-9993-CD4D4C1806E0}.Debug|Any CPU.Build.0 = Debug|Any CPU
		{A13AD74C-6CBE-47CD-9993-CD4D4C1806E0}.Release|Any CPU.ActiveCfg = Release|Any CPU
		{A13AD74C-6CBE-47CD-9993-CD4D4C1806E0}.Release|Any CPU.Build.0 = Release|Any CPU
		{B08A5C4A-BAFE-4DC3-94E3-DF5ABD23C69A}.Debug|Any CPU.ActiveCfg = Debug|Any CPU
		{B08A5C4A-BAFE-4DC3-94E3-DF5ABD23C69A}.Debug|Any CPU.Build.0 = Debug|Any CPU
		{B08A5C4A-BAFE-4DC3-94E3-DF5ABD23C69A}.Release|Any CPU.ActiveCfg = Release|Any CPU
		{B08A5C4A-BAFE-4DC3-94E3-DF5ABD23C69A}.Release|Any CPU.Build.0 = Release|Any CPU
	EndGlobalSection
	GlobalSection(SolutionProperties) = preSolution
		HideSolutionNode = FALSE
	EndGlobalSection
	GlobalSection(ExtensibilityGlobals) = postSolution
		SolutionGuid = {E7B0679C-93DD-44F3-A7D8-92CF79AFCE69}
	EndGlobalSection
EndGlobal
